
Microsoft Visual Studio Solution File, Format Version 12.00
# Visual Studio Version 17
VisualStudioVersion = 17.13.35931.197 d17.13
MinimumVisualStudioVersion = 10.0.40219.1
Project("{8BC9CEB8-8B4A-11D0-8D11-00A0C91BC942}") = "1", "1\1.vcxproj", "{676C1A2F-010E-4FF7-A5AE-37A11B3CD130}"
EndProject
Project("{8BC9CEB8-8B4A-11D0-8D11-00A0C91BC942}") = "2.Conitionals", "2.Conitionals\2.Conitionals.vcxproj", "{01D2AD84-347A-48E3-B759-EB81E5AE3757}"
EndProject
Global
	GlobalSection(SolutionConfigurationPlatforms) = preSolution
		Debug|x64 = Debug|x64
		Debug|x86 = Debug|x86
		Release|x64 = Release|x64
		Release|x86 = Release|x86
	EndGlobalSection
	GlobalSection(ProjectConfigurationPlatforms) = postSolution
		{676C1A2F-010E-4FF7-A5AE-37A11B3CD130}.Debug|x64.ActiveCfg = Debug|x64
		{676C1A2F-010E-4FF7-A5AE-37A11B3CD130}.Debug|x64.Build.0 = Debug|x64
		{676C1A2F-010E-4FF7-A5AE-37A11B3CD130}.Debug|x86.ActiveCfg = Debug|Win32
		{676C1A2F-010E-4FF7-A5AE-37A11B3CD130}.Debug|x86.Build.0 = Debug|Win32
		{676C1A2F-010E-4FF7-A5AE-37A11B3CD130}.Release|x64.ActiveCfg = Release|x64
		{676C1A2F-010E-4FF7-A5AE-37A11B3CD130}.Release|x64.Build.0 = Release|x64
		{676C1A2F-010E-4FF7-A5AE-37A11B3CD130}.Release|x86.ActiveCfg = Release|Win32
		{676C1A2F-010E-4FF7-A5AE-37A11B3CD130}.Release|x86.Build.0 = Release|Win32
		{01D2AD84-347A-48E3-B759-EB81E5AE3757}.Debug|x64.ActiveCfg = Debug|x64
		{01D2AD84-347A-48E3-B759-EB81E5AE3757}.Debug|x64.Build.0 = Debug|x64
		{01D2AD84-347A-48E3-B759-EB81E5AE3757}.Debug|x86.ActiveCfg = Debug|Win32
		{01D2AD84-347A-48E3-B759-EB81E5AE3757}.Debug|x86.Build.0 = Debug|Win32
		{01D2AD84-347A-48E3-B759-EB81E5AE3757}.Release|x64.ActiveCfg = Release|x64
		{01D2AD84-347A-48E3-B759-EB81E5AE3757}.Release|x64.Build.0 = Release|x64
		{01D2AD84-347A-48E3-B759-EB81E5AE3757}.Release|x86.ActiveCfg = Release|Win32
		{01D2AD84-347A-48E3-B759-EB81E5AE3757}.Release|x86.Build.0 = Release|Win32
	EndGlobalSection
	GlobalSection(SolutionProperties) = preSolution
		HideSolutionNode = FALSE
	EndGlobalSection
	GlobalSection(ExtensibilityGlobals) = postSolution
		SolutionGuid = {1F7B3272-E613-462B-ADD6-0128CD1D15B8}
	EndGlobalSection
EndGlobal
