
Microsoft Visual Studio Solution File, Format Version 12.00
# Visual Studio Version 17
VisualStudioVersion = 17.13.35931.197
MinimumVisualStudioVersion = 10.0.40219.1
Project("{8BC9CEB8-8B4A-11D0-8D11-00A0C91BC942}") = "1", "1\1.vcxproj", "{676C1A2F-010E-4FF7-A5AE-37A11B3CD130}"
EndProject
Project("{8BC9CEB8-8B4A-11D0-8D11-00A0C91BC942}") = "2.Conitionals", "2.Conitionals\2.Conitionals.vcxproj", "{01D2AD84-347A-48E3-B759-EB81E5AE3757}"
EndProject
Project("{8BC9CEB8-8B4A-11D0-8D11-00A0C91BC942}") = "3.Loop", "3.Loop\3.Loop.vcxproj", "{78436F9E-E539-4C70-9EED-15A8580A98D8}"
EndProject
Project("{8BC9CEB8-8B4A-11D0-8D11-00A0C91BC942}") = "4.Loop2", "Project1\Project1.vcxproj", "{FD486598-06F5-4532-9FBF-5A0DC3F121BA}"
EndProject
Project("{8BC9CEB8-8B4A-11D0-8D11-00A0C91BC942}") = "High-Low", "High-Low\High-Low.vcxproj", "{43DDE6D9-7181-49A1-B105-5300076778CD}"
EndProject
Project("{8BC9CEB8-8B4A-11D0-8D11-00A0C91BC942}") = "5.DoWhile", "5.DoWhile\5.DoWhile.vcxproj", "{DCF82220-1B68-4CD7-999A-47C422EBE177}"
EndProject
Project("{8BC9CEB8-8B4A-11D0-8D11-00A0C91BC942}") = "6.Loops3", "6.Loops3\6.Loops3.vcxproj", "{8D94F420-07EC-4935-AA6C-F04B70ADBD97}"
EndProject
Project("{8BC9CEB8-8B4A-11D0-8D11-00A0C91BC942}") = "7.LoopsFunction", "7.LoopsFunction\7.LoopsFunction.vcxproj", "{CEA8E585-590F-47CC-8FFC-BDB37D25F3D9}"
EndProject
Project("{8BC9CEB8-8B4A-11D0-8D11-00A0C91BC942}") = "8.Face", "8.Face\8.Face.vcxproj", "{975598FB-3576-4B45-83C8-A561F83530E0}"
EndProject
Project("{8BC9CEB8-8B4A-11D0-8D11-00A0C91BC942}") = "9.Interface", "9.Interface\9.Interface.vcxproj", "{F7C4B317-8E6D-4ED2-B072-5788F942799B}"
EndProject
Project("{8BC9CEB8-8B4A-11D0-8D11-00A0C91BC942}") = "10. Random Numbers", "10. Random Numbers\10. Random Numbers.vcxproj", "{5605F9CD-C160-412E-B6B0-8CCE2EF8599A}"
EndProject
Project("{8BC9CEB8-8B4A-11D0-8D11-00A0C91BC942}") = "11.Default Parameters", "11.Default Parameters\11.Default Parameters.vcxproj", "{14088A90-DC85-47EE-8243-2E8B78921023}"
EndProject
Project("{8BC9CEB8-8B4A-11D0-8D11-00A0C91BC942}") = "12. Recursion", "12. Recursion\12. Recursion.vcxproj", "{D0E29DA7-840D-4A1C-AC16-B3465D4F6F8C}"
EndProject
Project("{8BC9CEB8-8B4A-11D0-8D11-00A0C91BC942}") = "13.Arrays", "13.Arrays\13.Arrays.vcxproj", "{72E753C2-0625-43A5-A71C-EA65972E9788}"
EndProject
Project("{8BC9CEB8-8B4A-11D0-8D11-00A0C91BC942}") = "14.Insertion", "14.Insertion\14.Insertion.vcxproj", "{D75EECC9-F578-4969-A6AA-BE303226AB1A}"
EndProject
Project("{8BC9CEB8-8B4A-11D0-8D11-00A0C91BC942}") = "15.Shifting", "15.Shifting\15.Shifting.vcxproj", "{7585B12D-CA1B-4D0C-9074-4D204C345420}"
EndProject
Project("{8BC9CEB8-8B4A-11D0-8D11-00A0C91BC942}") = "16.Sorting", "16.Sorting\16.Sorting.vcxproj", "{F179B699-0D78-4A64-B5E9-4838FBB71C04}"
EndProject
Project("{8BC9CEB8-8B4A-11D0-8D11-00A0C91BC942}") = "17.Bank", "17.Bank\17.Bank.vcxproj", "{5401A138-EC8A-4F90-A9DC-2757E059DC7A}"
EndProject
Global
	GlobalSection(SolutionConfigurationPlatforms) = preSolution
		Debug|x64 = Debug|x64
		Debug|x86 = Debug|x86
		Release|x64 = Release|x64
		Release|x86 = Release|x86
	EndGlobalSection
	GlobalSection(ProjectConfigurationPlatforms) = postSolution
		{676C1A2F-010E-4FF7-A5AE-37A11B3CD130}.Debug|x64.ActiveCfg = Debug|x64
		{676C1A2F-010E-4FF7-A5AE-37A11B3CD130}.Debug|x64.Build.0 = Debug|x64
		{676C1A2F-010E-4FF7-A5AE-37A11B3CD130}.Debug|x86.ActiveCfg = Debug|Win32
		{676C1A2F-010E-4FF7-A5AE-37A11B3CD130}.Debug|x86.Build.0 = Debug|Win32
		{676C1A2F-010E-4FF7-A5AE-37A11B3CD130}.Release|x64.ActiveCfg = Release|x64
		{676C1A2F-010E-4FF7-A5AE-37A11B3CD130}.Release|x64.Build.0 = Release|x64
		{676C1A2F-010E-4FF7-A5AE-37A11B3CD130}.Release|x86.ActiveCfg = Release|Win32
		{676C1A2F-010E-4FF7-A5AE-37A11B3CD130}.Release|x86.Build.0 = Release|Win32
		{01D2AD84-347A-48E3-B759-EB81E5AE3757}.Debug|x64.ActiveCfg = Debug|x64
		{01D2AD84-347A-48E3-B759-EB81E5AE3757}.Debug|x64.Build.0 = Debug|x64
		{01D2AD84-347A-48E3-B759-EB81E5AE3757}.Debug|x86.ActiveCfg = Debug|Win32
		{01D2AD84-347A-48E3-B759-EB81E5AE3757}.Debug|x86.Build.0 = Debug|Win32
		{01D2AD84-347A-48E3-B759-EB81E5AE3757}.Release|x64.ActiveCfg = Release|x64
		{01D2AD84-347A-48E3-B759-EB81E5AE3757}.Release|x64.Build.0 = Release|x64
		{01D2AD84-347A-48E3-B759-EB81E5AE3757}.Release|x86.ActiveCfg = Release|Win32
		{01D2AD84-347A-48E3-B759-EB81E5AE3757}.Release|x86.Build.0 = Release|Win32
		{78436F9E-E539-4C70-9EED-15A8580A98D8}.Debug|x64.ActiveCfg = Debug|x64
		{78436F9E-E539-4C70-9EED-15A8580A98D8}.Debug|x64.Build.0 = Debug|x64
		{78436F9E-E539-4C70-9EED-15A8580A98D8}.Debug|x86.ActiveCfg = Debug|Win32
		{78436F9E-E539-4C70-9EED-15A8580A98D8}.Debug|x86.Build.0 = Debug|Win32
		{78436F9E-E539-4C70-9EED-15A8580A98D8}.Release|x64.ActiveCfg = Release|x64
		{78436F9E-E539-4C70-9EED-15A8580A98D8}.Release|x64.Build.0 = Release|x64
		{78436F9E-E539-4C70-9EED-15A8580A98D8}.Release|x86.ActiveCfg = Release|Win32
		{78436F9E-E539-4C70-9EED-15A8580A98D8}.Release|x86.Build.0 = Release|Win32
		{FD486598-06F5-4532-9FBF-5A0DC3F121BA}.Debug|x64.ActiveCfg = Debug|x64
		{FD486598-06F5-4532-9FBF-5A0DC3F121BA}.Debug|x64.Build.0 = Debug|x64
		{FD486598-06F5-4532-9FBF-5A0DC3F121BA}.Debug|x86.ActiveCfg = Debug|Win32
		{FD486598-06F5-4532-9FBF-5A0DC3F121BA}.Debug|x86.Build.0 = Debug|Win32
		{FD486598-06F5-4532-9FBF-5A0DC3F121BA}.Release|x64.ActiveCfg = Release|x64
		{FD486598-06F5-4532-9FBF-5A0DC3F121BA}.Release|x64.Build.0 = Release|x64
		{FD486598-06F5-4532-9FBF-5A0DC3F121BA}.Release|x86.ActiveCfg = Release|Win32
		{FD486598-06F5-4532-9FBF-5A0DC3F121BA}.Release|x86.Build.0 = Release|Win32
		{43DDE6D9-7181-49A1-B105-5300076778CD}.Debug|x64.ActiveCfg = Debug|x64
		{43DDE6D9-7181-49A1-B105-5300076778CD}.Debug|x64.Build.0 = Debug|x64
		{43DDE6D9-7181-49A1-B105-5300076778CD}.Debug|x86.ActiveCfg = Debug|Win32
		{43DDE6D9-7181-49A1-B105-5300076778CD}.Debug|x86.Build.0 = Debug|Win32
		{43DDE6D9-7181-49A1-B105-5300076778CD}.Release|x64.ActiveCfg = Release|x64
		{43DDE6D9-7181-49A1-B105-5300076778CD}.Release|x64.Build.0 = Release|x64
		{43DDE6D9-7181-49A1-B105-5300076778CD}.Release|x86.ActiveCfg = Release|Win32
		{43DDE6D9-7181-49A1-B105-5300076778CD}.Release|x86.Build.0 = Release|Win32
		{DCF82220-1B68-4CD7-999A-47C422EBE177}.Debug|x64.ActiveCfg = Debug|x64
		{DCF82220-1B68-4CD7-999A-47C422EBE177}.Debug|x64.Build.0 = Debug|x64
		{DCF82220-1B68-4CD7-999A-47C422EBE177}.Debug|x86.ActiveCfg = Debug|Win32
		{DCF82220-1B68-4CD7-999A-47C422EBE177}.Debug|x86.Build.0 = Debug|Win32
		{DCF82220-1B68-4CD7-999A-47C422EBE177}.Release|x64.ActiveCfg = Release|x64
		{DCF82220-1B68-4CD7-999A-47C422EBE177}.Release|x64.Build.0 = Release|x64
		{DCF82220-1B68-4CD7-999A-47C422EBE177}.Release|x86.ActiveCfg = Release|Win32
		{DCF82220-1B68-4CD7-999A-47C422EBE177}.Release|x86.Build.0 = Release|Win32
		{8D94F420-07EC-4935-AA6C-F04B70ADBD97}.Debug|x64.ActiveCfg = Debug|x64
		{8D94F420-07EC-4935-AA6C-F04B70ADBD97}.Debug|x64.Build.0 = Debug|x64
		{8D94F420-07EC-4935-AA6C-F04B70ADBD97}.Debug|x86.ActiveCfg = Debug|Win32
		{8D94F420-07EC-4935-AA6C-F04B70ADBD97}.Debug|x86.Build.0 = Debug|Win32
		{8D94F420-07EC-4935-AA6C-F04B70ADBD97}.Release|x64.ActiveCfg = Release|x64
		{8D94F420-07EC-4935-AA6C-F04B70ADBD97}.Release|x64.Build.0 = Release|x64
		{8D94F420-07EC-4935-AA6C-F04B70ADBD97}.Release|x86.ActiveCfg = Release|Win32
		{8D94F420-07EC-4935-AA6C-F04B70ADBD97}.Release|x86.Build.0 = Release|Win32
		{CEA8E585-590F-47CC-8FFC-BDB37D25F3D9}.Debug|x64.ActiveCfg = Debug|x64
		{CEA8E585-590F-47CC-8FFC-BDB37D25F3D9}.Debug|x64.Build.0 = Debug|x64
		{CEA8E585-590F-47CC-8FFC-BDB37D25F3D9}.Debug|x86.ActiveCfg = Debug|Win32
		{CEA8E585-590F-47CC-8FFC-BDB37D25F3D9}.Debug|x86.Build.0 = Debug|Win32
		{CEA8E585-590F-47CC-8FFC-BDB37D25F3D9}.Release|x64.ActiveCfg = Release|x64
		{CEA8E585-590F-47CC-8FFC-BDB37D25F3D9}.Release|x64.Build.0 = Release|x64
		{CEA8E585-590F-47CC-8FFC-BDB37D25F3D9}.Release|x86.ActiveCfg = Release|Win32
		{CEA8E585-590F-47CC-8FFC-BDB37D25F3D9}.Release|x86.Build.0 = Release|Win32
		{975598FB-3576-4B45-83C8-A561F83530E0}.Debug|x64.ActiveCfg = Debug|x64
		{975598FB-3576-4B45-83C8-A561F83530E0}.Debug|x64.Build.0 = Debug|x64
		{975598FB-3576-4B45-83C8-A561F83530E0}.Debug|x86.ActiveCfg = Debug|Win32
		{975598FB-3576-4B45-83C8-A561F83530E0}.Debug|x86.Build.0 = Debug|Win32
		{975598FB-3576-4B45-83C8-A561F83530E0}.Release|x64.ActiveCfg = Release|x64
		{975598FB-3576-4B45-83C8-A561F83530E0}.Release|x64.Build.0 = Release|x64
		{975598FB-3576-4B45-83C8-A561F83530E0}.Release|x86.ActiveCfg = Release|Win32
		{975598FB-3576-4B45-83C8-A561F83530E0}.Release|x86.Build.0 = Release|Win32
		{F7C4B317-8E6D-4ED2-B072-5788F942799B}.Debug|x64.ActiveCfg = Debug|x64
		{F7C4B317-8E6D-4ED2-B072-5788F942799B}.Debug|x64.Build.0 = Debug|x64
		{F7C4B317-8E6D-4ED2-B072-5788F942799B}.Debug|x86.ActiveCfg = Debug|Win32
		{F7C4B317-8E6D-4ED2-B072-5788F942799B}.Debug|x86.Build.0 = Debug|Win32
		{F7C4B317-8E6D-4ED2-B072-5788F942799B}.Release|x64.ActiveCfg = Release|x64
		{F7C4B317-8E6D-4ED2-B072-5788F942799B}.Release|x64.Build.0 = Release|x64
		{F7C4B317-8E6D-4ED2-B072-5788F942799B}.Release|x86.ActiveCfg = Release|Win32
		{F7C4B317-8E6D-4ED2-B072-5788F942799B}.Release|x86.Build.0 = Release|Win32
		{5605F9CD-C160-412E-B6B0-8CCE2EF8599A}.Debug|x64.ActiveCfg = Debug|x64
		{5605F9CD-C160-412E-B6B0-8CCE2EF8599A}.Debug|x64.Build.0 = Debug|x64
		{5605F9CD-C160-412E-B6B0-8CCE2EF8599A}.Debug|x86.ActiveCfg = Debug|Win32
		{5605F9CD-C160-412E-B6B0-8CCE2EF8599A}.Debug|x86.Build.0 = Debug|Win32
		{5605F9CD-C160-412E-B6B0-8CCE2EF8599A}.Release|x64.ActiveCfg = Release|x64
		{5605F9CD-C160-412E-B6B0-8CCE2EF8599A}.Release|x64.Build.0 = Release|x64
		{5605F9CD-C160-412E-B6B0-8CCE2EF8599A}.Release|x86.ActiveCfg = Release|Win32
		{5605F9CD-C160-412E-B6B0-8CCE2EF8599A}.Release|x86.Build.0 = Release|Win32
		{14088A90-DC85-47EE-8243-2E8B78921023}.Debug|x64.ActiveCfg = Debug|x64
		{14088A90-DC85-47EE-8243-2E8B78921023}.Debug|x64.Build.0 = Debug|x64
		{14088A90-DC85-47EE-8243-2E8B78921023}.Debug|x86.ActiveCfg = Debug|Win32
		{14088A90-DC85-47EE-8243-2E8B78921023}.Debug|x86.Build.0 = Debug|Win32
		{14088A90-DC85-47EE-8243-2E8B78921023}.Release|x64.ActiveCfg = Release|x64
		{14088A90-DC85-47EE-8243-2E8B78921023}.Release|x64.Build.0 = Release|x64
		{14088A90-DC85-47EE-8243-2E8B78921023}.Release|x86.ActiveCfg = Release|Win32
		{14088A90-DC85-47EE-8243-2E8B78921023}.Release|x86.Build.0 = Release|Win32
		{D0E29DA7-840D-4A1C-AC16-B3465D4F6F8C}.Debug|x64.ActiveCfg = Debug|x64
		{D0E29DA7-840D-4A1C-AC16-B3465D4F6F8C}.Debug|x64.Build.0 = Debug|x64
		{D0E29DA7-840D-4A1C-AC16-B3465D4F6F8C}.Debug|x86.ActiveCfg = Debug|Win32
		{D0E29DA7-840D-4A1C-AC16-B3465D4F6F8C}.Debug|x86.Build.0 = Debug|Win32
		{D0E29DA7-840D-4A1C-AC16-B3465D4F6F8C}.Release|x64.ActiveCfg = Release|x64
		{D0E29DA7-840D-4A1C-AC16-B3465D4F6F8C}.Release|x64.Build.0 = Release|x64
		{D0E29DA7-840D-4A1C-AC16-B3465D4F6F8C}.Release|x86.ActiveCfg = Release|Win32
		{D0E29DA7-840D-4A1C-AC16-B3465D4F6F8C}.Release|x86.Build.0 = Release|Win32
		{72E753C2-0625-43A5-A71C-EA65972E9788}.Debug|x64.ActiveCfg = Debug|x64
		{72E753C2-0625-43A5-A71C-EA65972E9788}.Debug|x64.Build.0 = Debug|x64
		{72E753C2-0625-43A5-A71C-EA65972E9788}.Debug|x86.ActiveCfg = Debug|Win32
		{72E753C2-0625-43A5-A71C-EA65972E9788}.Debug|x86.Build.0 = Debug|Win32
		{72E753C2-0625-43A5-A71C-EA65972E9788}.Release|x64.ActiveCfg = Release|x64
		{72E753C2-0625-43A5-A71C-EA65972E9788}.Release|x64.Build.0 = Release|x64
		{72E753C2-0625-43A5-A71C-EA65972E9788}.Release|x86.ActiveCfg = Release|Win32
		{72E753C2-0625-43A5-A71C-EA65972E9788}.Release|x86.Build.0 = Release|Win32
		{D75EECC9-F578-4969-A6AA-BE303226AB1A}.Debug|x64.ActiveCfg = Debug|x64
		{D75EECC9-F578-4969-A6AA-BE303226AB1A}.Debug|x64.Build.0 = Debug|x64
		{D75EECC9-F578-4969-A6AA-BE303226AB1A}.Debug|x86.ActiveCfg = Debug|Win32
		{D75EECC9-F578-4969-A6AA-BE303226AB1A}.Debug|x86.Build.0 = Debug|Win32
		{D75EECC9-F578-4969-A6AA-BE303226AB1A}.Release|x64.ActiveCfg = Release|x64
		{D75EECC9-F578-4969-A6AA-BE303226AB1A}.Release|x64.Build.0 = Release|x64
		{D75EECC9-F578-4969-A6AA-BE303226AB1A}.Release|x86.ActiveCfg = Release|Win32
		{D75EECC9-F578-4969-A6AA-BE303226AB1A}.Release|x86.Build.0 = Release|Win32
		{7585B12D-CA1B-4D0C-9074-4D204C345420}.Debug|x64.ActiveCfg = Debug|x64
		{7585B12D-CA1B-4D0C-9074-4D204C345420}.Debug|x64.Build.0 = Debug|x64
		{7585B12D-CA1B-4D0C-9074-4D204C345420}.Debug|x86.ActiveCfg = Debug|Win32
		{7585B12D-CA1B-4D0C-9074-4D204C345420}.Debug|x86.Build.0 = Debug|Win32
		{7585B12D-CA1B-4D0C-9074-4D204C345420}.Release|x64.ActiveCfg = Release|x64
		{7585B12D-CA1B-4D0C-9074-4D204C345420}.Release|x64.Build.0 = Release|x64
		{7585B12D-CA1B-4D0C-9074-4D204C345420}.Release|x86.ActiveCfg = Release|Win32
		{7585B12D-CA1B-4D0C-9074-4D204C345420}.Release|x86.Build.0 = Release|Win32
		{F179B699-0D78-4A64-B5E9-4838FBB71C04}.Debug|x64.ActiveCfg = Debug|x64
		{F179B699-0D78-4A64-B5E9-4838FBB71C04}.Debug|x64.Build.0 = Debug|x64
		{F179B699-0D78-4A64-B5E9-4838FBB71C04}.Debug|x86.ActiveCfg = Debug|Win32
		{F179B699-0D78-4A64-B5E9-4838FBB71C04}.Debug|x86.Build.0 = Debug|Win32
		{F179B699-0D78-4A64-B5E9-4838FBB71C04}.Release|x64.ActiveCfg = Release|x64
		{F179B699-0D78-4A64-B5E9-4838FBB71C04}.Release|x64.Build.0 = Release|x64
		{F179B699-0D78-4A64-B5E9-4838FBB71C04}.Release|x86.ActiveCfg = Release|Win32
		{F179B699-0D78-4A64-B5E9-4838FBB71C04}.Release|x86.Build.0 = Release|Win32
		{5401A138-EC8A-4F90-A9DC-2757E059DC7A}.Debug|x64.ActiveCfg = Debug|x64
		{5401A138-EC8A-4F90-A9DC-2757E059DC7A}.Debug|x64.Build.0 = Debug|x64
		{5401A138-EC8A-4F90-A9DC-2757E059DC7A}.Debug|x86.ActiveCfg = Debug|Win32
		{5401A138-EC8A-4F90-A9DC-2757E059DC7A}.Debug|x86.Build.0 = Debug|Win32
		{5401A138-EC8A-4F90-A9DC-2757E059DC7A}.Release|x64.ActiveCfg = Release|x64
		{5401A138-EC8A-4F90-A9DC-2757E059DC7A}.Release|x64.Build.0 = Release|x64
		{5401A138-EC8A-4F90-A9DC-2757E059DC7A}.Release|x86.ActiveCfg = Release|Win32
		{5401A138-EC8A-4F90-A9DC-2757E059DC7A}.Release|x86.Build.0 = Release|Win32
	EndGlobalSection
	GlobalSection(SolutionProperties) = preSolution
		HideSolutionNode = FALSE
	EndGlobalSection
	GlobalSection(ExtensibilityGlobals) = postSolution
		SolutionGuid = {1F7B3272-E613-462B-ADD6-0128CD1D15B8}
	EndGlobalSection
EndGlobal
